
Microsoft Visual Studio Solution File, Format Version 12.00
# Visual Studio Version 16
VisualStudioVersion = 16.0.30114.105
MinimumVisualStudioVersion = 10.0.40219.1
Project("{9A19103F-16F7-4668-BE54-9A1E7A4F7556}") = "MyMealsPlanner.Server", "MyMealsPlanner\Server\MyMealsPlanner.Server.csproj", "{BBE503D2-ACDB-4726-B53E-19A5BD6AED7F}"
EndProject
Project("{9A19103F-16F7-4668-BE54-9A1E7A4F7556}") = "MyMealsPlanner.Client", "MyMealsPlanner\Client\MyMealsPlanner.Client.csproj", "{E58D4A25-04B6-492C-A405-B9A8DBCFA18E}"
EndProject
Project("{9A19103F-16F7-4668-BE54-9A1E7A4F7556}") = "MyMealsPlanner.Shared", "MyMealsPlanner\Shared\MyMealsPlanner.Shared.csproj", "{B446436B-3025-47ED-BD2C-7657ACC13E7D}"
EndProject
Global
	GlobalSection(SolutionConfigurationPlatforms) = preSolution
		Debug|Any CPU = Debug|Any CPU
		Release|Any CPU = Release|Any CPU
	EndGlobalSection
	GlobalSection(ProjectConfigurationPlatforms) = postSolution
		{BBE503D2-ACDB-4726-B53E-19A5BD6AED7F}.Debug|Any CPU.ActiveCfg = Debug|Any CPU
		{BBE503D2-ACDB-4726-B53E-19A5BD6AED7F}.Debug|Any CPU.Build.0 = Debug|Any CPU
		{BBE503D2-ACDB-4726-B53E-19A5BD6AED7F}.Release|Any CPU.ActiveCfg = Release|Any CPU
		{BBE503D2-ACDB-4726-B53E-19A5BD6AED7F}.Release|Any CPU.Build.0 = Release|Any CPU
		{E58D4A25-04B6-492C-A405-B9A8DBCFA18E}.Debug|Any CPU.ActiveCfg = Debug|Any CPU
		{E58D4A25-04B6-492C-A405-B9A8DBCFA18E}.Debug|Any CPU.Build.0 = Debug|Any CPU
		{E58D4A25-04B6-492C-A405-B9A8DBCFA18E}.Release|Any CPU.ActiveCfg = Release|Any CPU
		{E58D4A25-04B6-492C-A405-B9A8DBCFA18E}.Release|Any CPU.Build.0 = Release|Any CPU
		{B446436B-3025-47ED-BD2C-7657ACC13E7D}.Debug|Any CPU.ActiveCfg = Debug|Any CPU
		{B446436B-3025-47ED-BD2C-7657ACC13E7D}.Debug|Any CPU.Build.0 = Debug|Any CPU
		{B446436B-3025-47ED-BD2C-7657ACC13E7D}.Release|Any CPU.ActiveCfg = Release|Any CPU
		{B446436B-3025-47ED-BD2C-7657ACC13E7D}.Release|Any CPU.Build.0 = Release|Any CPU
	EndGlobalSection
	GlobalSection(SolutionProperties) = preSolution
		HideSolutionNode = FALSE
	EndGlobalSection
	GlobalSection(ExtensibilityGlobals) = postSolution
		SolutionGuid = {8FEEC2A0-D61F-4878-8454-2649DABA096C}
	EndGlobalSection
EndGlobal
